
Microsoft Visual Studio Solution File, Format Version 12.00
# Visual Studio Version 17
VisualStudioVersion = 17.0.31903.59
MinimumVisualStudioVersion = 10.0.40219.1
Project("{FAE04EC0-301F-11D3-BF4B-00C04F79EFBC}") = "Bnt-Api-Gateway.Domain", "Bnt-Api-Gateway.Domain\Bnt-Api-Gateway.Domain.csproj", "{447C9FF3-C4FD-42BB-ABFA-9DF0BCAAF904}"
EndProject
Project("{FAE04EC0-301F-11D3-BF4B-00C04F79EFBC}") = "Bnt-Api-Gateway.Infrastructure", "Bnt-Api-Gateway.Infrastructure\Bnt-Api-Gateway.Infrastructure.csproj", "{16987AE1-7930-4A2F-B841-9CF50CCF9E2F}"
EndProject
Project("{FAE04EC0-301F-11D3-BF4B-00C04F79EFBC}") = "Bnt-Api-Gateway.Api", "Bnt-Api-Gateway.Api\Bnt-Api-Gateway.Api.csproj", "{031135BA-BB99-46FC-B900-CDA46D8D7371}"
EndProject
Global
	GlobalSection(SolutionConfigurationPlatforms) = preSolution
		Debug|Any CPU = Debug|Any CPU
		Release|Any CPU = Release|Any CPU
	EndGlobalSection
	GlobalSection(SolutionProperties) = preSolution
		HideSolutionNode = FALSE
	EndGlobalSection
	GlobalSection(ProjectConfigurationPlatforms) = postSolution
		{447C9FF3-C4FD-42BB-ABFA-9DF0BCAAF904}.Debug|Any CPU.ActiveCfg = Debug|Any CPU
		{447C9FF3-C4FD-42BB-ABFA-9DF0BCAAF904}.Debug|Any CPU.Build.0 = Debug|Any CPU
		{447C9FF3-C4FD-42BB-ABFA-9DF0BCAAF904}.Release|Any CPU.ActiveCfg = Release|Any CPU
		{447C9FF3-C4FD-42BB-ABFA-9DF0BCAAF904}.Release|Any CPU.Build.0 = Release|Any CPU
		{16987AE1-7930-4A2F-B841-9CF50CCF9E2F}.Debug|Any CPU.ActiveCfg = Debug|Any CPU
		{16987AE1-7930-4A2F-B841-9CF50CCF9E2F}.Debug|Any CPU.Build.0 = Debug|Any CPU
		{16987AE1-7930-4A2F-B841-9CF50CCF9E2F}.Release|Any CPU.ActiveCfg = Release|Any CPU
		{16987AE1-7930-4A2F-B841-9CF50CCF9E2F}.Release|Any CPU.Build.0 = Release|Any CPU
		{031135BA-BB99-46FC-B900-CDA46D8D7371}.Debug|Any CPU.ActiveCfg = Debug|Any CPU
		{031135BA-BB99-46FC-B900-CDA46D8D7371}.Debug|Any CPU.Build.0 = Debug|Any CPU
		{031135BA-BB99-46FC-B900-CDA46D8D7371}.Release|Any CPU.ActiveCfg = Release|Any CPU
		{031135BA-BB99-46FC-B900-CDA46D8D7371}.Release|Any CPU.Build.0 = Release|Any CPU
	EndGlobalSection
EndGlobal
